
Microsoft Visual Studio Solution File, Format Version 12.00
Project("{FAE04EC0-301F-11D3-BF4B-00C04F79EFBC}") = "MicroserviceWebApplication", "MicroserviceWebApplication\MicroserviceWebApplication.csproj", "{A886CB3A-BDBD-4B7C-B711-FDADC973F543}"
EndProject
Global
	GlobalSection(SolutionConfigurationPlatforms) = preSolution
		Debug|Any CPU = Debug|Any CPU
		Release|Any CPU = Release|Any CPU
	EndGlobalSection
	GlobalSection(ProjectConfigurationPlatforms) = postSolution
		{A886CB3A-BDBD-4B7C-B711-FDADC973F543}.Debug|Any CPU.ActiveCfg = Debug|Any CPU
		{A886CB3A-BDBD-4B7C-B711-FDADC973F543}.Debug|Any CPU.Build.0 = Debug|Any CPU
		{A886CB3A-BDBD-4B7C-B711-FDADC973F543}.Release|Any CPU.ActiveCfg = Release|Any CPU
		{A886CB3A-BDBD-4B7C-B711-FDADC973F543}.Release|Any CPU.Build.0 = Release|Any CPU
	EndGlobalSection
EndGlobal
